
Microsoft Visual Studio Solution File, Format Version 12.00
# Visual Studio Version 16
VisualStudioVersion = 16.0.33214.272
MinimumVisualStudioVersion = 10.0.40219.1
Project("{FAE04EC0-301F-11D3-BF4B-00C04F79EFBC}") = "form1", "form1\form1.csproj", "{68536D94-45F6-4462-8F19-389E1C4BE79A}"
EndProject
Global
	GlobalSection(SolutionConfigurationPlatforms) = preSolution
		Debug|Any CPU = Debug|Any CPU
		Release|Any CPU = Release|Any CPU
	EndGlobalSection
	GlobalSection(ProjectConfigurationPlatforms) = postSolution
		{68536D94-45F6-4462-8F19-389E1C4BE79A}.Debug|Any CPU.ActiveCfg = Debug|Any CPU
		{68536D94-45F6-4462-8F19-389E1C4BE79A}.Debug|Any CPU.Build.0 = Debug|Any CPU
		{68536D94-45F6-4462-8F19-389E1C4BE79A}.Release|Any CPU.ActiveCfg = Release|Any CPU
		{68536D94-45F6-4462-8F19-389E1C4BE79A}.Release|Any CPU.Build.0 = Release|Any CPU
	EndGlobalSection
	GlobalSection(SolutionProperties) = preSolution
		HideSolutionNode = FALSE
	EndGlobalSection
	GlobalSection(ExtensibilityGlobals) = postSolution
		SolutionGuid = {372A3009-ECA3-4BA4-BCE6-00EA72434035}
	EndGlobalSection
EndGlobal
